// !$*UTF8*$!
{
	archiveVersion = 1;
	classes = {
	};
	objectVersion = 46;
	objects = {

/* Begin PBXBuildFile section */
		189F449F1EC9B21C007EFA58 /* CustomView.swift in Sources */ = {isa = PBXBuildFile; fileRef = 189F449E1EC9B21C007EFA58 /* CustomView.swift */; };
		C40739C71EC6F3680027BD0E /* BAActionSheet.swift in Sources */ = {isa = PBXBuildFile; fileRef = C40739C61EC6F3680027BD0E /* BAActionSheet.swift */; };
		C41CE8961EC949A900D4981A /* BAActionSheetCell.swift in Sources */ = {isa = PBXBuildFile; fileRef = C41CE8951EC949A900D4981A /* BAActionSheetCell.swift */; };
		C46BF7D41EC45FBE00A56A25 /* ViewController2.swift in Sources */ = {isa = PBXBuildFile; fileRef = C46BF7D31EC45FBE00A56A25 /* ViewController2.swift */; };
		C46BF7DD1EC5B2AC00A56A25 /* CALayer_Animation.swift in Sources */ = {isa = PBXBuildFile; fileRef = C46BF7D91EC5B2AC00A56A25 /* CALayer_Animation.swift */; };
		C46BF7DE1EC5B2AC00A56A25 /* BAAlert_ImageEffects.swift in Sources */ = {isa = PBXBuildFile; fileRef = C46BF7DA1EC5B2AC00A56A25 /* BAAlert_ImageEffects.swift */; };
		C46BF7E01EC5B2AC00A56A25 /* BAAlert.swift in Sources */ = {isa = PBXBuildFile; fileRef = C46BF7DC1EC5B2AC00A56A25 /* BAAlert.swift */; };
		C478698E1ECC3131006A55B5 /* BAAlert.bundle in Resources */ = {isa = PBXBuildFile; fileRef = C478698D1ECC3131006A55B5 /* BAAlert.bundle */; };
		C47869901ECC3351006A55B5 /* BAAlert_Config.swift in Sources */ = {isa = PBXBuildFile; fileRef = C478698F1ECC3351006A55B5 /* BAAlert_Config.swift */; };
		C4EBD80D1EC175310017D9C6 /* Assets.xcassets in Resources */ = {isa = PBXBuildFile; fileRef = C4EBD80C1EC175310017D9C6 /* Assets.xcassets */; };
		C4EBD8101EC175310017D9C6 /* LaunchScreen.storyboard in Resources */ = {isa = PBXBuildFile; fileRef = C4EBD80E1EC175310017D9C6 /* LaunchScreen.storyboard */; };
		C4EBD8201EC175830017D9C6 /* AppDelegate.swift in Sources */ = {isa = PBXBuildFile; fileRef = C4EBD81A1EC175830017D9C6 /* AppDelegate.swift */; };
		C4EBD8211EC175830017D9C6 /* ViewController.swift in Sources */ = {isa = PBXBuildFile; fileRef = C4EBD81B1EC175830017D9C6 /* ViewController.swift */; };
		C4EBD8221EC175830017D9C6 /* Main.storyboard in Resources */ = {isa = PBXBuildFile; fileRef = C4EBD81C1EC175830017D9C6 /* Main.storyboard */; };
		C4EBD8231EC175830017D9C6 /* 123.png in Resources */ = {isa = PBXBuildFile; fileRef = C4EBD81D1EC175830017D9C6 /* 123.png */; };
		C4EBD8241EC175830017D9C6 /* 背景.jpg in Resources */ = {isa = PBXBuildFile; fileRef = C4EBD81E1EC175830017D9C6 /* 背景.jpg */; };
		C4EBD8251EC175830017D9C6 /* 美女.jpg in Resources */ = {isa = PBXBuildFile; fileRef = C4EBD81F1EC175830017D9C6 /* 美女.jpg */; };
/* End PBXBuildFile section */

/* Begin PBXFileReference section */
		189F449E1EC9B21C007EFA58 /* CustomView.swift */ = {isa = PBXFileReference; fileEncoding = 4; lastKnownFileType = sourcecode.swift; path = CustomView.swift; sourceTree = "<group>"; };
		C40739C61EC6F3680027BD0E /* BAActionSheet.swift */ = {isa = PBXFileReference; fileEncoding = 4; lastKnownFileType = sourcecode.swift; path = BAActionSheet.swift; sourceTree = "<group>"; };
		C41CE8951EC949A900D4981A /* BAActionSheetCell.swift */ = {isa = PBXFileReference; fileEncoding = 4; lastKnownFileType = sourcecode.swift; path = BAActionSheetCell.swift; sourceTree = "<group>"; };
		C46BF7D31EC45FBE00A56A25 /* ViewController2.swift */ = {isa = PBXFileReference; fileEncoding = 4; lastKnownFileType = sourcecode.swift; path = ViewController2.swift; sourceTree = "<group>"; };
		C46BF7D91EC5B2AC00A56A25 /* CALayer_Animation.swift */ = {isa = PBXFileReference; fileEncoding = 4; lastKnownFileType = sourcecode.swift; path = CALayer_Animation.swift; sourceTree = "<group>"; };
		C46BF7DA1EC5B2AC00A56A25 /* BAAlert_ImageEffects.swift */ = {isa = PBXFileReference; fileEncoding = 4; lastKnownFileType = sourcecode.swift; path = BAAlert_ImageEffects.swift; sourceTree = "<group>"; };
		C46BF7DC1EC5B2AC00A56A25 /* BAAlert.swift */ = {isa = PBXFileReference; fileEncoding = 4; lastKnownFileType = sourcecode.swift; path = BAAlert.swift; sourceTree = "<group>"; };
		C478698D1ECC3131006A55B5 /* BAAlert.bundle */ = {isa = PBXFileReference; lastKnownFileType = "wrapper.plug-in"; path = BAAlert.bundle; sourceTree = "<group>"; };
		C478698F1ECC3351006A55B5 /* BAAlert_Config.swift */ = {isa = PBXFileReference; fileEncoding = 4; lastKnownFileType = sourcecode.swift; path = BAAlert_Config.swift; sourceTree = "<group>"; };
		C4EBD8021EC175310017D9C6 /* BAAlert-Swift.app */ = {isa = PBXFileReference; explicitFileType = wrapper.application; includeInIndex = 0; path = "BAAlert-Swift.app"; sourceTree = BUILT_PRODUCTS_DIR; };
		C4EBD80C1EC175310017D9C6 /* Assets.xcassets */ = {isa = PBXFileReference; lastKnownFileType = folder.assetcatalog; path = Assets.xcassets; sourceTree = "<group>"; };
		C4EBD80F1EC175310017D9C6 /* Base */ = {isa = PBXFileReference; lastKnownFileType = file.storyboard; name = Base; path = Base.lproj/LaunchScreen.storyboard; sourceTree = "<group>"; };
		C4EBD8111EC175310017D9C6 /* Info.plist */ = {isa = PBXFileReference; lastKnownFileType = text.plist.xml; path = Info.plist; sourceTree = "<group>"; };
		C4EBD81A1EC175830017D9C6 /* AppDelegate.swift */ = {isa = PBXFileReference; fileEncoding = 4; lastKnownFileType = sourcecode.swift; path = AppDelegate.swift; sourceTree = "<group>"; };
		C4EBD81B1EC175830017D9C6 /* ViewController.swift */ = {isa = PBXFileReference; fileEncoding = 4; lastKnownFileType = sourcecode.swift; path = ViewController.swift; sourceTree = "<group>"; };
		C4EBD81C1EC175830017D9C6 /* Main.storyboard */ = {isa = PBXFileReference; fileEncoding = 4; lastKnownFileType = file.storyboard; path = Main.storyboard; sourceTree = "<group>"; };
		C4EBD81D1EC175830017D9C6 /* 123.png */ = {isa = PBXFileReference; lastKnownFileType = image.png; path = 123.png; sourceTree = "<group>"; };
		C4EBD81E1EC175830017D9C6 /* 背景.jpg */ = {isa = PBXFileReference; lastKnownFileType = image.jpeg; path = "背景.jpg"; sourceTree = "<group>"; };
		C4EBD81F1EC175830017D9C6 /* 美女.jpg */ = {isa = PBXFileReference; lastKnownFileType = image.jpeg; path = "美女.jpg"; sourceTree = "<group>"; };
/* End PBXFileReference section */

/* Begin PBXFrameworksBuildPhase section */
		C4EBD7FF1EC175310017D9C6 /* Frameworks */ = {
			isa = PBXFrameworksBuildPhase;
			buildActionMask = 2147483647;
			files = (
			);
			runOnlyForDeploymentPostprocessing = 0;
		};
/* End PBXFrameworksBuildPhase section */

/* Begin PBXGroup section */
		C46BF76B1EC2A6F500A56A25 /* BAAlert-Swift */ = {
			isa = PBXGroup;
			children = (
				C478698F1ECC3351006A55B5 /* BAAlert_Config.swift */,
				C46BF7DC1EC5B2AC00A56A25 /* BAAlert.swift */,
				C40739C61EC6F3680027BD0E /* BAActionSheet.swift */,
				C41CE8951EC949A900D4981A /* BAActionSheetCell.swift */,
				C46BF7D91EC5B2AC00A56A25 /* CALayer_Animation.swift */,
				C46BF7DA1EC5B2AC00A56A25 /* BAAlert_ImageEffects.swift */,
				C478698D1ECC3131006A55B5 /* BAAlert.bundle */,
			);
			path = "BAAlert-Swift";
			sourceTree = "<group>";
		};
		C4EBD7F91EC175310017D9C6 = {
			isa = PBXGroup;
			children = (
				C4EBD8041EC175310017D9C6 /* BAAlert-Swift */,
				C4EBD8031EC175310017D9C6 /* Products */,
			);
			sourceTree = "<group>";
		};
		C4EBD8031EC175310017D9C6 /* Products */ = {
			isa = PBXGroup;
			children = (
				C4EBD8021EC175310017D9C6 /* BAAlert-Swift.app */,
			);
			name = Products;
			sourceTree = "<group>";
		};
		C4EBD8041EC175310017D9C6 /* BAAlert-Swift */ = {
			isa = PBXGroup;
			children = (
				C46BF76B1EC2A6F500A56A25 /* BAAlert-Swift */,
				C4EBD81A1EC175830017D9C6 /* AppDelegate.swift */,
				C4EBD81B1EC175830017D9C6 /* ViewController.swift */,
				C46BF7D31EC45FBE00A56A25 /* ViewController2.swift */,
				189F449E1EC9B21C007EFA58 /* CustomView.swift */,
				C4EBD81C1EC175830017D9C6 /* Main.storyboard */,
				C4EBD81D1EC175830017D9C6 /* 123.png */,
				C4EBD81E1EC175830017D9C6 /* 背景.jpg */,
				C4EBD81F1EC175830017D9C6 /* 美女.jpg */,
				C4EBD80C1EC175310017D9C6 /* Assets.xcassets */,
				C4EBD80E1EC175310017D9C6 /* LaunchScreen.storyboard */,
				C4EBD8111EC175310017D9C6 /* Info.plist */,
			);
			path = "BAAlert-Swift";
			sourceTree = "<group>";
		};
/* End PBXGroup section */

/* Begin PBXNativeTarget section */
		C4EBD8011EC175310017D9C6 /* BAAlert-Swift */ = {
			isa = PBXNativeTarget;
			buildConfigurationList = C4EBD8141EC175310017D9C6 /* Build configuration list for PBXNativeTarget "BAAlert-Swift" */;
			buildPhases = (
				C4EBD7FE1EC175310017D9C6 /* Sources */,
				C4EBD7FF1EC175310017D9C6 /* Frameworks */,
				C4EBD8001EC175310017D9C6 /* Resources */,
			);
			buildRules = (
			);
			dependencies = (
			);
			name = "BAAlert-Swift";
			productName = "BAAlert-Swift";
			productReference = C4EBD8021EC175310017D9C6 /* BAAlert-Swift.app */;
			productType = "com.apple.product-type.application";
		};
/* End PBXNativeTarget section */

/* Begin PBXProject section */
		C4EBD7FA1EC175310017D9C6 /* Project object */ = {
			isa = PBXProject;
			attributes = {
				LastSwiftUpdateCheck = 0830;
				LastUpgradeCheck = 0830;
				ORGANIZATIONNAME = boai;
				TargetAttributes = {
					C4EBD8011EC175310017D9C6 = {
						CreatedOnToolsVersion = 8.3.2;
						DevelopmentTeam = 8JQ2PK6XN8;
						ProvisioningStyle = Automatic;
					};
				};
			};
			buildConfigurationList = C4EBD7FD1EC175310017D9C6 /* Build configuration list for PBXProject "BAAlert-Swift" */;
			compatibilityVersion = "Xcode 3.2";
			developmentRegion = English;
			hasScannedForEncodings = 0;
			knownRegions = (
				en,
				Base,
			);
			mainGroup = C4EBD7F91EC175310017D9C6;
			productRefGroup = C4EBD8031EC175310017D9C6 /* Products */;
			projectDirPath = "";
			projectRoot = "";
			targets = (
				C4EBD8011EC175310017D9C6 /* BAAlert-Swift */,
			);
		};
/* End PBXProject section */

/* Begin PBXResourcesBuildPhase section */
		C4EBD8001EC175310017D9C6 /* Resources */ = {
			isa = PBXResourcesBuildPhase;
			buildActionMask = 2147483647;
			files = (
				C478698E1ECC3131006A55B5 /* BAAlert.bundle in Resources */,
				C4EBD8241EC175830017D9C6 /* 背景.jpg in Resources */,
				C4EBD8231EC175830017D9C6 /* 123.png in Resources */,
				C4EBD8251EC175830017D9C6 /* 美女.jpg in Resources */,
				C4EBD8221EC175830017D9C6 /* Main.storyboard in Resources */,
				C4EBD8101EC175310017D9C6 /* LaunchScreen.storyboard in Resources */,
				C4EBD80D1EC175310017D9C6 /* Assets.xcassets in Resources */,
			);
			runOnlyForDeploymentPostprocessing = 0;
		};
/* End PBXResourcesBuildPhase section */

/* Begin PBXSourcesBuildPhase section */
		C4EBD7FE1EC175310017D9C6 /* Sources */ = {
			isa = PBXSourcesBuildPhase;
			buildActionMask = 2147483647;
			files = (
				C47869901ECC3351006A55B5 /* BAAlert_Config.swift in Sources */,
				C40739C71EC6F3680027BD0E /* BAActionSheet.swift in Sources */,
				C46BF7DE1EC5B2AC00A56A25 /* BAAlert_ImageEffects.swift in Sources */,
				C41CE8961EC949A900D4981A /* BAActionSheetCell.swift in Sources */,
				C46BF7DD1EC5B2AC00A56A25 /* CALayer_Animation.swift in Sources */,
				C46BF7D41EC45FBE00A56A25 /* ViewController2.swift in Sources */,
				189F449F1EC9B21C007EFA58 /* CustomView.swift in Sources */,
				C4EBD8211EC175830017D9C6 /* ViewController.swift in Sources */,
				C4EBD8201EC175830017D9C6 /* AppDelegate.swift in Sources */,
				C46BF7E01EC5B2AC00A56A25 /* BAAlert.swift in Sources */,
			);
			runOnlyForDeploymentPostprocessing = 0;
		};
/* End PBXSourcesBuildPhase section */

/* Begin PBXVariantGroup section */
		C4EBD80E1EC175310017D9C6 /* LaunchScreen.storyboard */ = {
			isa = PBXVariantGroup;
			children = (
				C4EBD80F1EC175310017D9C6 /* Base */,
			);
			name = LaunchScreen.storyboard;
			sourceTree = "<group>";
		};
/* End PBXVariantGroup section */

/* Begin XCBuildConfiguration section */
		C4EBD8121EC175310017D9C6 /* Debug */ = {
			isa = XCBuildConfiguration;
			buildSettings = {
				ALWAYS_SEARCH_USER_PATHS = NO;
				CLANG_ANALYZER_NONNULL = YES;
				CLANG_ANALYZER_NUMBER_OBJECT_CONVERSION = YES_AGGRESSIVE;
				CLANG_CXX_LANGUAGE_STANDARD = "gnu++0x";
				CLANG_CXX_LIBRARY = "libc++";
				CLANG_ENABLE_MODULES = YES;
				CLANG_ENABLE_OBJC_ARC = YES;
				CLANG_WARN_BOOL_CONVERSION = YES;
				CLANG_WARN_CONSTANT_CONVERSION = YES;
				CLANG_WARN_DIRECT_OBJC_ISA_USAGE = YES_ERROR;
				CLANG_WARN_DOCUMENTATION_COMMENTS = YES;
				CLANG_WARN_EMPTY_BODY = YES;
				CLANG_WARN_ENUM_CONVERSION = YES;
				CLANG_WARN_INFINITE_RECURSION = YES;
				CLANG_WARN_INT_CONVERSION = YES;
				CLANG_WARN_OBJC_ROOT_CLASS = YES_ERROR;
				CLANG_WARN_SUSPICIOUS_MOVE = YES;
				CLANG_WARN_UNREACHABLE_CODE = YES;
				CLANG_WARN__DUPLICATE_METHOD_MATCH = YES;
				"CODE_SIGN_IDENTITY[sdk=iphoneos*]" = "iPhone Developer";
				COPY_PHASE_STRIP = NO;
				DEBUG_INFORMATION_FORMAT = dwarf;
				ENABLE_STRICT_OBJC_MSGSEND = YES;
				ENABLE_TESTABILITY = YES;
				GCC_C_LANGUAGE_STANDARD = gnu99;
				GCC_DYNAMIC_NO_PIC = NO;
				GCC_NO_COMMON_BLOCKS = YES;
				GCC_OPTIMIZATION_LEVEL = 0;
				GCC_PREPROCESSOR_DEFINITIONS = (
					"DEBUG=1",
					"$(inherited)",
				);
				GCC_WARN_64_TO_32_BIT_CONVERSION = YES;
				GCC_WARN_ABOUT_RETURN_TYPE = YES_ERROR;
				GCC_WARN_UNDECLARED_SELECTOR = YES;
				GCC_WARN_UNINITIALIZED_AUTOS = YES_AGGRESSIVE;
				GCC_WARN_UNUSED_FUNCTION = YES;
				GCC_WARN_UNUSED_VARIABLE = YES;
				IPHONEOS_DEPLOYMENT_TARGET = 10.3;
				MTL_ENABLE_DEBUG_INFO = YES;
				ONLY_ACTIVE_ARCH = YES;
				SDKROOT = iphoneos;
				SWIFT_ACTIVE_COMPILATION_CONDITIONS = DEBUG;
				SWIFT_OPTIMIZATION_LEVEL = "-Onone";
			};
			name = Debug;
		};
		C4EBD8131EC175310017D9C6 /* Release */ = {
			isa = XCBuildConfiguration;
			buildSettings = {
				ALWAYS_SEARCH_USER_PATHS = NO;
				CLANG_ANALYZER_NONNULL = YES;
				CLANG_ANALYZER_NUMBER_OBJECT_CONVERSION = YES_AGGRESSIVE;
				CLANG_CXX_LANGUAGE_STANDARD = "gnu++0x";
				CLANG_CXX_LIBRARY = "libc++";
				CLANG_ENABLE_MODULES = YES;
				CLANG_ENABLE_OBJC_ARC = YES;
				CLANG_WARN_BOOL_CONVERSION = YES;
				CLANG_WARN_CONSTANT_CONVERSION = YES;
				CLANG_WARN_DIRECT_OBJC_ISA_USAGE = YES_ERROR;
				CLANG_WARN_DOCUMENTATION_COMMENTS = YES;
				CLANG_WARN_EMPTY_BODY = YES;
				CLANG_WARN_ENUM_CONVERSION = YES;
				CLANG_WARN_INFINITE_RECURSION = YES;
				CLANG_WARN_INT_CONVERSION = YES;
				CLANG_WARN_OBJC_ROOT_CLASS = YES_ERROR;
				CLANG_WARN_SUSPICIOUS_MOVE = YES;
				CLANG_WARN_UNREACHABLE_CODE = YES;
				CLANG_WARN__DUPLICATE_METHOD_MATCH = YES;
				"CODE_SIGN_IDENTITY[sdk=iphoneos*]" = "iPhone Developer";
				COPY_PHASE_STRIP = NO;
				DEBUG_INFORMATION_FORMAT = "dwarf-with-dsym";
				ENABLE_NS_ASSERTIONS = NO;
				ENABLE_STRICT_OBJC_MSGSEND = YES;
				GCC_C_LANGUAGE_STANDARD = gnu99;
				GCC_NO_COMMON_BLOCKS = YES;
				GCC_WARN_64_TO_32_BIT_CONVERSION = YES;
				GCC_WARN_ABOUT_RETURN_TYPE = YES_ERROR;
				GCC_WARN_UNDECLARED_SELECTOR = YES;
				GCC_WARN_UNINITIALIZED_AUTOS = YES_AGGRESSIVE;
				GCC_WARN_UNUSED_FUNCTION = YES;
				GCC_WARN_UNUSED_VARIABLE = YES;
				IPHONEOS_DEPLOYMENT_TARGET = 10.3;
				MTL_ENABLE_DEBUG_INFO = NO;
				SDKROOT = iphoneos;
				SWIFT_OPTIMIZATION_LEVEL = "-Owholemodule";
				VALIDATE_PRODUCT = YES;
			};
			name = Release;
		};
		C4EBD8151EC175310017D9C6 /* Debug */ = {
			isa = XCBuildConfiguration;
			buildSettings = {
				ASSETCATALOG_COMPILER_APPICON_NAME = AppIcon;
				DEVELOPMENT_TEAM = 8JQ2PK6XN8;
				INFOPLIST_FILE = "BAAlert-Swift/Info.plist";
				LD_RUNPATH_SEARCH_PATHS = "$(inherited) @executable_path/Frameworks";
				PRODUCT_BUNDLE_IDENTIFIER = "com.boaihome.BAAlert-Swift";
				PRODUCT_NAME = "$(TARGET_NAME)";
				SWIFT_VERSION = 3.0;
			};
			name = Debug;
		};
		C4EBD8161EC175310017D9C6 /* Release */ = {
			isa = XCBuildConfiguration;
			buildSettings = {
				ASSETCATALOG_COMPILER_APPICON_NAME = AppIcon;
				DEVELOPMENT_TEAM = 8JQ2PK6XN8;
				INFOPLIST_FILE = "BAAlert-Swift/Info.plist";
				LD_RUNPATH_SEARCH_PATHS = "$(inherited) @executable_path/Frameworks";
				PRODUCT_BUNDLE_IDENTIFIER = "com.boaihome.BAAlert-Swift";
				PRODUCT_NAME = "$(TARGET_NAME)";
				SWIFT_VERSION = 3.0;
			};
			name = Release;
		};
/* End XCBuildConfiguration section */

/* Begin XCConfigurationList section */
		C4EBD7FD1EC175310017D9C6 /* Build configuration list for PBXProject "BAAlert-Swift" */ = {
			isa = XCConfigurationList;
			buildConfigurations = (
				C4EBD8121EC175310017D9C6 /* Debug */,
				C4EBD8131EC175310017D9C6 /* Release */,
			);
			defaultConfigurationIsVisible = 0;
			defaultConfigurationName = Release;
		};
		C4EBD8141EC175310017D9C6 /* Build configuration list for PBXNativeTarget "BAAlert-Swift" */ = {
			isa = XCConfigurationList;
			buildConfigurations = (
				C4EBD8151EC175310017D9C6 /* Debug */,
				C4EBD8161EC175310017D9C6 /* Release */,
			);
			defaultConfigurationIsVisible = 0;
			defaultConfigurationName = Release;
		};
/* End XCConfigurationList section */
	};
	rootObject = C4EBD7FA1EC175310017D9C6 /* Project object */;
}
